
Microsoft Visual Studio Solution File, Format Version 12.00
# Visual Studio 15
VisualStudioVersion = 15.0.26430.16
MinimumVisualStudioVersion = 10.0.40219.1
Project("{9A19103F-16F7-4668-BE54-9A1E7A4F7556}") = "server", "mvpstarter\server.csproj", "{A69054DD-7D80-4F1A-82BB-02FC0919D7E7}"
EndProject
Project("{FAE04EC0-301F-11D3-BF4B-00C04F79EFBC}") = "android", "android\android.csproj", "{3C1D0A3A-CA80-4F6A-8E44-0211D63FF529}"
EndProject
Project("{FAE04EC0-301F-11D3-BF4B-00C04F79EFBC}") = "ios", "ios\ios.csproj", "{41B1DCDF-54B1-4416-B2F1-932A07BF7AEB}"
EndProject
Global
	GlobalSection(SolutionConfigurationPlatforms) = preSolution
		Ad-Hoc|Any CPU = Ad-Hoc|Any CPU
		Ad-Hoc|iPhone = Ad-Hoc|iPhone
		Ad-Hoc|iPhoneSimulator = Ad-Hoc|iPhoneSimulator
		AppStore|Any CPU = AppStore|Any CPU
		AppStore|iPhone = AppStore|iPhone
		AppStore|iPhoneSimulator = AppStore|iPhoneSimulator
		Debug|Any CPU = Debug|Any CPU
		Debug|iPhone = Debug|iPhone
		Debug|iPhoneSimulator = Debug|iPhoneSimulator
		Release|Any CPU = Release|Any CPU
		Release|iPhone = Release|iPhone
		Release|iPhoneSimulator = Release|iPhoneSimulator
	EndGlobalSection
	GlobalSection(ProjectConfigurationPlatforms) = postSolution
		{A69054DD-7D80-4F1A-82BB-02FC0919D7E7}.Ad-Hoc|Any CPU.ActiveCfg = Release|Any CPU
		{A69054DD-7D80-4F1A-82BB-02FC0919D7E7}.Ad-Hoc|Any CPU.Build.0 = Release|Any CPU
		{A69054DD-7D80-4F1A-82BB-02FC0919D7E7}.Ad-Hoc|iPhone.ActiveCfg = Release|Any CPU
		{A69054DD-7D80-4F1A-82BB-02FC0919D7E7}.Ad-Hoc|iPhone.Build.0 = Release|Any CPU
		{A69054DD-7D80-4F1A-82BB-02FC0919D7E7}.Ad-Hoc|iPhoneSimulator.ActiveCfg = Release|Any CPU
		{A69054DD-7D80-4F1A-82BB-02FC0919D7E7}.Ad-Hoc|iPhoneSimulator.Build.0 = Release|Any CPU
		{A69054DD-7D80-4F1A-82BB-02FC0919D7E7}.AppStore|Any CPU.ActiveCfg = Release|Any CPU
		{A69054DD-7D80-4F1A-82BB-02FC0919D7E7}.AppStore|Any CPU.Build.0 = Release|Any CPU
		{A69054DD-7D80-4F1A-82BB-02FC0919D7E7}.AppStore|iPhone.ActiveCfg = Release|Any CPU
		{A69054DD-7D80-4F1A-82BB-02FC0919D7E7}.AppStore|iPhone.Build.0 = Release|Any CPU
		{A69054DD-7D80-4F1A-82BB-02FC0919D7E7}.AppStore|iPhoneSimulator.ActiveCfg = Release|Any CPU
		{A69054DD-7D80-4F1A-82BB-02FC0919D7E7}.AppStore|iPhoneSimulator.Build.0 = Release|Any CPU
		{A69054DD-7D80-4F1A-82BB-02FC0919D7E7}.Debug|Any CPU.ActiveCfg = Debug|Any CPU
		{A69054DD-7D80-4F1A-82BB-02FC0919D7E7}.Debug|Any CPU.Build.0 = Debug|Any CPU
		{A69054DD-7D80-4F1A-82BB-02FC0919D7E7}.Debug|iPhone.ActiveCfg = Debug|Any CPU
		{A69054DD-7D80-4F1A-82BB-02FC0919D7E7}.Debug|iPhone.Build.0 = Debug|Any CPU
		{A69054DD-7D80-4F1A-82BB-02FC0919D7E7}.Debug|iPhoneSimulator.ActiveCfg = Debug|Any CPU
		{A69054DD-7D80-4F1A-82BB-02FC0919D7E7}.Debug|iPhoneSimulator.Build.0 = Debug|Any CPU
		{A69054DD-7D80-4F1A-82BB-02FC0919D7E7}.Release|Any CPU.ActiveCfg = Release|Any CPU
		{A69054DD-7D80-4F1A-82BB-02FC0919D7E7}.Release|Any CPU.Build.0 = Release|Any CPU
		{A69054DD-7D80-4F1A-82BB-02FC0919D7E7}.Release|iPhone.ActiveCfg = Release|Any CPU
		{A69054DD-7D80-4F1A-82BB-02FC0919D7E7}.Release|iPhone.Build.0 = Release|Any CPU
		{A69054DD-7D80-4F1A-82BB-02FC0919D7E7}.Release|iPhoneSimulator.ActiveCfg = Release|Any CPU
		{A69054DD-7D80-4F1A-82BB-02FC0919D7E7}.Release|iPhoneSimulator.Build.0 = Release|Any CPU
		{3C1D0A3A-CA80-4F6A-8E44-0211D63FF529}.Ad-Hoc|Any CPU.ActiveCfg = Release|Any CPU
		{3C1D0A3A-CA80-4F6A-8E44-0211D63FF529}.Ad-Hoc|Any CPU.Build.0 = Release|Any CPU
		{3C1D0A3A-CA80-4F6A-8E44-0211D63FF529}.Ad-Hoc|Any CPU.Deploy.0 = Release|Any CPU
		{3C1D0A3A-CA80-4F6A-8E44-0211D63FF529}.Ad-Hoc|iPhone.ActiveCfg = Release|Any CPU
		{3C1D0A3A-CA80-4F6A-8E44-0211D63FF529}.Ad-Hoc|iPhone.Build.0 = Release|Any CPU
		{3C1D0A3A-CA80-4F6A-8E44-0211D63FF529}.Ad-Hoc|iPhone.Deploy.0 = Release|Any CPU
		{3C1D0A3A-CA80-4F6A-8E44-0211D63FF529}.Ad-Hoc|iPhoneSimulator.ActiveCfg = Release|Any CPU
		{3C1D0A3A-CA80-4F6A-8E44-0211D63FF529}.Ad-Hoc|iPhoneSimulator.Build.0 = Release|Any CPU
		{3C1D0A3A-CA80-4F6A-8E44-0211D63FF529}.Ad-Hoc|iPhoneSimulator.Deploy.0 = Release|Any CPU
		{3C1D0A3A-CA80-4F6A-8E44-0211D63FF529}.AppStore|Any CPU.ActiveCfg = Release|Any CPU
		{3C1D0A3A-CA80-4F6A-8E44-0211D63FF529}.AppStore|Any CPU.Build.0 = Release|Any CPU
		{3C1D0A3A-CA80-4F6A-8E44-0211D63FF529}.AppStore|Any CPU.Deploy.0 = Release|Any CPU
		{3C1D0A3A-CA80-4F6A-8E44-0211D63FF529}.AppStore|iPhone.ActiveCfg = Release|Any CPU
		{3C1D0A3A-CA80-4F6A-8E44-0211D63FF529}.AppStore|iPhone.Build.0 = Release|Any CPU
		{3C1D0A3A-CA80-4F6A-8E44-0211D63FF529}.AppStore|iPhone.Deploy.0 = Release|Any CPU
		{3C1D0A3A-CA80-4F6A-8E44-0211D63FF529}.AppStore|iPhoneSimulator.ActiveCfg = Release|Any CPU
		{3C1D0A3A-CA80-4F6A-8E44-0211D63FF529}.AppStore|iPhoneSimulator.Build.0 = Release|Any CPU
		{3C1D0A3A-CA80-4F6A-8E44-0211D63FF529}.AppStore|iPhoneSimulator.Deploy.0 = Release|Any CPU
		{3C1D0A3A-CA80-4F6A-8E44-0211D63FF529}.Debug|Any CPU.ActiveCfg = Debug|Any CPU
		{3C1D0A3A-CA80-4F6A-8E44-0211D63FF529}.Debug|Any CPU.Build.0 = Debug|Any CPU
		{3C1D0A3A-CA80-4F6A-8E44-0211D63FF529}.Debug|Any CPU.Deploy.0 = Debug|Any CPU
		{3C1D0A3A-CA80-4F6A-8E44-0211D63FF529}.Debug|iPhone.ActiveCfg = Debug|Any CPU
		{3C1D0A3A-CA80-4F6A-8E44-0211D63FF529}.Debug|iPhone.Build.0 = Debug|Any CPU
		{3C1D0A3A-CA80-4F6A-8E44-0211D63FF529}.Debug|iPhone.Deploy.0 = Debug|Any CPU
		{3C1D0A3A-CA80-4F6A-8E44-0211D63FF529}.Debug|iPhoneSimulator.ActiveCfg = Debug|Any CPU
		{3C1D0A3A-CA80-4F6A-8E44-0211D63FF529}.Debug|iPhoneSimulator.Build.0 = Debug|Any CPU
		{3C1D0A3A-CA80-4F6A-8E44-0211D63FF529}.Debug|iPhoneSimulator.Deploy.0 = Debug|Any CPU
		{3C1D0A3A-CA80-4F6A-8E44-0211D63FF529}.Release|Any CPU.ActiveCfg = Release|Any CPU
		{3C1D0A3A-CA80-4F6A-8E44-0211D63FF529}.Release|Any CPU.Build.0 = Release|Any CPU
		{3C1D0A3A-CA80-4F6A-8E44-0211D63FF529}.Release|Any CPU.Deploy.0 = Release|Any CPU
		{3C1D0A3A-CA80-4F6A-8E44-0211D63FF529}.Release|iPhone.ActiveCfg = Release|Any CPU
		{3C1D0A3A-CA80-4F6A-8E44-0211D63FF529}.Release|iPhone.Build.0 = Release|Any CPU
		{3C1D0A3A-CA80-4F6A-8E44-0211D63FF529}.Release|iPhone.Deploy.0 = Release|Any CPU
		{3C1D0A3A-CA80-4F6A-8E44-0211D63FF529}.Release|iPhoneSimulator.ActiveCfg = Release|Any CPU
		{3C1D0A3A-CA80-4F6A-8E44-0211D63FF529}.Release|iPhoneSimulator.Build.0 = Release|Any CPU
		{3C1D0A3A-CA80-4F6A-8E44-0211D63FF529}.Release|iPhoneSimulator.Deploy.0 = Release|Any CPU
		{41B1DCDF-54B1-4416-B2F1-932A07BF7AEB}.Ad-Hoc|Any CPU.ActiveCfg = Ad-Hoc|iPhone
		{41B1DCDF-54B1-4416-B2F1-932A07BF7AEB}.Ad-Hoc|iPhone.ActiveCfg = Ad-Hoc|iPhone
		{41B1DCDF-54B1-4416-B2F1-932A07BF7AEB}.Ad-Hoc|iPhone.Build.0 = Ad-Hoc|iPhone
		{41B1DCDF-54B1-4416-B2F1-932A07BF7AEB}.Ad-Hoc|iPhoneSimulator.ActiveCfg = Ad-Hoc|iPhoneSimulator
		{41B1DCDF-54B1-4416-B2F1-932A07BF7AEB}.Ad-Hoc|iPhoneSimulator.Build.0 = Ad-Hoc|iPhoneSimulator
		{41B1DCDF-54B1-4416-B2F1-932A07BF7AEB}.AppStore|Any CPU.ActiveCfg = AppStore|iPhone
		{41B1DCDF-54B1-4416-B2F1-932A07BF7AEB}.AppStore|iPhone.ActiveCfg = AppStore|iPhone
		{41B1DCDF-54B1-4416-B2F1-932A07BF7AEB}.AppStore|iPhone.Build.0 = AppStore|iPhone
		{41B1DCDF-54B1-4416-B2F1-932A07BF7AEB}.AppStore|iPhoneSimulator.ActiveCfg = AppStore|iPhoneSimulator
		{41B1DCDF-54B1-4416-B2F1-932A07BF7AEB}.AppStore|iPhoneSimulator.Build.0 = AppStore|iPhoneSimulator
		{41B1DCDF-54B1-4416-B2F1-932A07BF7AEB}.Debug|Any CPU.ActiveCfg = Debug|iPhone
		{41B1DCDF-54B1-4416-B2F1-932A07BF7AEB}.Debug|iPhone.ActiveCfg = Debug|iPhone
		{41B1DCDF-54B1-4416-B2F1-932A07BF7AEB}.Debug|iPhone.Build.0 = Debug|iPhone
		{41B1DCDF-54B1-4416-B2F1-932A07BF7AEB}.Debug|iPhoneSimulator.ActiveCfg = Debug|iPhoneSimulator
		{41B1DCDF-54B1-4416-B2F1-932A07BF7AEB}.Debug|iPhoneSimulator.Build.0 = Debug|iPhoneSimulator
		{41B1DCDF-54B1-4416-B2F1-932A07BF7AEB}.Release|Any CPU.ActiveCfg = Release|iPhone
		{41B1DCDF-54B1-4416-B2F1-932A07BF7AEB}.Release|iPhone.ActiveCfg = Release|iPhone
		{41B1DCDF-54B1-4416-B2F1-932A07BF7AEB}.Release|iPhone.Build.0 = Release|iPhone
		{41B1DCDF-54B1-4416-B2F1-932A07BF7AEB}.Release|iPhoneSimulator.ActiveCfg = Release|iPhoneSimulator
		{41B1DCDF-54B1-4416-B2F1-932A07BF7AEB}.Release|iPhoneSimulator.Build.0 = Release|iPhoneSimulator
	EndGlobalSection
	GlobalSection(SolutionProperties) = preSolution
		HideSolutionNode = FALSE
	EndGlobalSection
EndGlobal
